
Microsoft Visual Studio Solution File, Format Version 12.00
# Visual Studio Version 17
VisualStudioVersion = 17.2.32505.173
MinimumVisualStudioVersion = 10.0.40219.1
Project("{FAE04EC0-301F-11D3-BF4B-00C04F79EFBC}") = "Othello bitboard NN training", "Othello bitboard NN training\Othello bitboard NN training.csproj", "{5CE26664-073B-4988-8F5F-0C688C5C0216}"
EndProject
Global
	GlobalSection(SolutionConfigurationPlatforms) = preSolution
		Debug|Any CPU = Debug|Any CPU
		Release|Any CPU = Release|Any CPU
	EndGlobalSection
	GlobalSection(ProjectConfigurationPlatforms) = postSolution
		{5CE26664-073B-4988-8F5F-0C688C5C0216}.Debug|Any CPU.ActiveCfg = Debug|Any CPU
		{5CE26664-073B-4988-8F5F-0C688C5C0216}.Debug|Any CPU.Build.0 = Debug|Any CPU
		{5CE26664-073B-4988-8F5F-0C688C5C0216}.Release|Any CPU.ActiveCfg = Release|Any CPU
		{5CE26664-073B-4988-8F5F-0C688C5C0216}.Release|Any CPU.Build.0 = Release|Any CPU
	EndGlobalSection
	GlobalSection(SolutionProperties) = preSolution
		HideSolutionNode = FALSE
	EndGlobalSection
	GlobalSection(ExtensibilityGlobals) = postSolution
		SolutionGuid = {79FA908A-86E4-4515-86EB-3A85A81AFC3A}
	EndGlobalSection
EndGlobal
